
Microsoft Visual Studio Solution File, Format Version 12.00
# Visual Studio 15
VisualStudioVersion = 15.0.26430.16
MinimumVisualStudioVersion = 10.0.40219.1
Project("{8BC9CEB8-8B4A-11D0-8D11-00A0C91BC942}") = "완전탐색1", "완전탐색1\완전탐색1.vcxproj", "{7F1AE252-2C85-4F88-A86A-6DE9508698BE}"
EndProject
Global
	GlobalSection(SolutionConfigurationPlatforms) = preSolution
		Debug|x64 = Debug|x64
		Debug|x86 = Debug|x86
		Release|x64 = Release|x64
		Release|x86 = Release|x86
	EndGlobalSection
	GlobalSection(ProjectConfigurationPlatforms) = postSolution
		{7F1AE252-2C85-4F88-A86A-6DE9508698BE}.Debug|x64.ActiveCfg = Debug|x64
		{7F1AE252-2C85-4F88-A86A-6DE9508698BE}.Debug|x64.Build.0 = Debug|x64
		{7F1AE252-2C85-4F88-A86A-6DE9508698BE}.Debug|x86.ActiveCfg = Debug|Win32
		{7F1AE252-2C85-4F88-A86A-6DE9508698BE}.Debug|x86.Build.0 = Debug|Win32
		{7F1AE252-2C85-4F88-A86A-6DE9508698BE}.Release|x64.ActiveCfg = Release|x64
		{7F1AE252-2C85-4F88-A86A-6DE9508698BE}.Release|x64.Build.0 = Release|x64
		{7F1AE252-2C85-4F88-A86A-6DE9508698BE}.Release|x86.ActiveCfg = Release|Win32
		{7F1AE252-2C85-4F88-A86A-6DE9508698BE}.Release|x86.Build.0 = Release|Win32
	EndGlobalSection
	GlobalSection(SolutionProperties) = preSolution
		HideSolutionNode = FALSE
	EndGlobalSection
EndGlobal
